// !$*UTF8*$!
{
	archiveVersion = 1;
	classes = {
	};
	objectVersion = 46;
	objects = {

/* Begin PBXBuildFile section */
		795CA8C0267B31DEC1DA3F92 /* Pods_FirebaseRemoteConfigDemo.framework in Frameworks */ = {isa = PBXBuildFile; fileRef = BD0F811469C2FDB46DF00738 /* Pods_FirebaseRemoteConfigDemo.framework */; };
		E1526D6F1E72EC9400929E24 /* AppDelegate.swift in Sources */ = {isa = PBXBuildFile; fileRef = E1526D6E1E72EC9400929E24 /* AppDelegate.swift */; };
		E1526D711E72EC9400929E24 /* ViewController.swift in Sources */ = {isa = PBXBuildFile; fileRef = E1526D701E72EC9400929E24 /* ViewController.swift */; };
		E1526D741E72EC9400929E24 /* Main.storyboard in Resources */ = {isa = PBXBuildFile; fileRef = E1526D721E72EC9400929E24 /* Main.storyboard */; };
		E1526D761E72EC9400929E24 /* Assets.xcassets in Resources */ = {isa = PBXBuildFile; fileRef = E1526D751E72EC9400929E24 /* Assets.xcassets */; };
		E1526D791E72EC9400929E24 /* LaunchScreen.storyboard in Resources */ = {isa = PBXBuildFile; fileRef = E1526D771E72EC9400929E24 /* LaunchScreen.storyboard */; };
		E1526D811E72EDE900929E24 /* GoogleService-Info.plist in Resources */ = {isa = PBXBuildFile; fileRef = E1526D801E72EDE900929E24 /* GoogleService-Info.plist */; };
/* End PBXBuildFile section */

/* Begin PBXFileReference section */
		9489A0CE738FDD11FB050100 /* Pods-FirebaseRemoteConfigDemo.release.xcconfig */ = {isa = PBXFileReference; includeInIndex = 1; lastKnownFileType = text.xcconfig; name = "Pods-FirebaseRemoteConfigDemo.release.xcconfig"; path = "Pods/Target Support Files/Pods-FirebaseRemoteConfigDemo/Pods-FirebaseRemoteConfigDemo.release.xcconfig"; sourceTree = "<group>"; };
		B486FC7397159A427424F8F1 /* Pods-FirebaseRemoteConfigDemo.debug.xcconfig */ = {isa = PBXFileReference; includeInIndex = 1; lastKnownFileType = text.xcconfig; name = "Pods-FirebaseRemoteConfigDemo.debug.xcconfig"; path = "Pods/Target Support Files/Pods-FirebaseRemoteConfigDemo/Pods-FirebaseRemoteConfigDemo.debug.xcconfig"; sourceTree = "<group>"; };
		BD0F811469C2FDB46DF00738 /* Pods_FirebaseRemoteConfigDemo.framework */ = {isa = PBXFileReference; explicitFileType = wrapper.framework; includeInIndex = 0; path = Pods_FirebaseRemoteConfigDemo.framework; sourceTree = BUILT_PRODUCTS_DIR; };
		E1526D6B1E72EC9400929E24 /* FirebaseRemoteConfigDemo.app */ = {isa = PBXFileReference; explicitFileType = wrapper.application; includeInIndex = 0; path = FirebaseRemoteConfigDemo.app; sourceTree = BUILT_PRODUCTS_DIR; };
		E1526D6E1E72EC9400929E24 /* AppDelegate.swift */ = {isa = PBXFileReference; lastKnownFileType = sourcecode.swift; path = AppDelegate.swift; sourceTree = "<group>"; };
		E1526D701E72EC9400929E24 /* ViewController.swift */ = {isa = PBXFileReference; lastKnownFileType = sourcecode.swift; path = ViewController.swift; sourceTree = "<group>"; };
		E1526D731E72EC9400929E24 /* Base */ = {isa = PBXFileReference; lastKnownFileType = file.storyboard; name = Base; path = Base.lproj/Main.storyboard; sourceTree = "<group>"; };
		E1526D751E72EC9400929E24 /* Assets.xcassets */ = {isa = PBXFileReference; lastKnownFileType = folder.assetcatalog; path = Assets.xcassets; sourceTree = "<group>"; };
		E1526D781E72EC9400929E24 /* Base */ = {isa = PBXFileReference; lastKnownFileType = file.storyboard; name = Base; path = Base.lproj/LaunchScreen.storyboard; sourceTree = "<group>"; };
		E1526D7A1E72EC9400929E24 /* Info.plist */ = {isa = PBXFileReference; lastKnownFileType = text.plist.xml; path = Info.plist; sourceTree = "<group>"; };
		E1526D801E72EDE900929E24 /* GoogleService-Info.plist */ = {isa = PBXFileReference; fileEncoding = 4; lastKnownFileType = text.plist.xml; path = "GoogleService-Info.plist"; sourceTree = "<group>"; };
/* End PBXFileReference section */

/* Begin PBXFrameworksBuildPhase section */
		E1526D681E72EC9400929E24 /* Frameworks */ = {
			isa = PBXFrameworksBuildPhase;
			buildActionMask = 2147483647;
			files = (
				795CA8C0267B31DEC1DA3F92 /* Pods_FirebaseRemoteConfigDemo.framework in Frameworks */,
			);
			runOnlyForDeploymentPostprocessing = 0;
		};
/* End PBXFrameworksBuildPhase section */

/* Begin PBXGroup section */
		8602494542669A4055E0A372 /* Pods */ = {
			isa = PBXGroup;
			children = (
				B486FC7397159A427424F8F1 /* Pods-FirebaseRemoteConfigDemo.debug.xcconfig */,
				9489A0CE738FDD11FB050100 /* Pods-FirebaseRemoteConfigDemo.release.xcconfig */,
			);
			name = Pods;
			sourceTree = "<group>";
		};
		C40C669AB1EB94412E6564AA /* Frameworks */ = {
			isa = PBXGroup;
			children = (
				BD0F811469C2FDB46DF00738 /* Pods_FirebaseRemoteConfigDemo.framework */,
			);
			name = Frameworks;
			sourceTree = "<group>";
		};
		E1526D621E72EC9400929E24 = {
			isa = PBXGroup;
			children = (
				E1526D801E72EDE900929E24 /* GoogleService-Info.plist */,
				E1526D6D1E72EC9400929E24 /* FirebaseRemoteConfigDemo */,
				E1526D6C1E72EC9400929E24 /* Products */,
				8602494542669A4055E0A372 /* Pods */,
				C40C669AB1EB94412E6564AA /* Frameworks */,
			);
			sourceTree = "<group>";
		};
		E1526D6C1E72EC9400929E24 /* Products */ = {
			isa = PBXGroup;
			children = (
				E1526D6B1E72EC9400929E24 /* FirebaseRemoteConfigDemo.app */,
			);
			name = Products;
			sourceTree = "<group>";
		};
		E1526D6D1E72EC9400929E24 /* FirebaseRemoteConfigDemo */ = {
			isa = PBXGroup;
			children = (
				E1526D6E1E72EC9400929E24 /* AppDelegate.swift */,
				E1526D701E72EC9400929E24 /* ViewController.swift */,
				E1526D721E72EC9400929E24 /* Main.storyboard */,
				E1526D751E72EC9400929E24 /* Assets.xcassets */,
				E1526D771E72EC9400929E24 /* LaunchScreen.storyboard */,
				E1526D7A1E72EC9400929E24 /* Info.plist */,
			);
			path = FirebaseRemoteConfigDemo;
			sourceTree = "<group>";
		};
/* End PBXGroup section */

/* Begin PBXNativeTarget section */
		E1526D6A1E72EC9400929E24 /* FirebaseRemoteConfigDemo */ = {
			isa = PBXNativeTarget;
			buildConfigurationList = E1526D7D1E72EC9400929E24 /* Build configuration list for PBXNativeTarget "FirebaseRemoteConfigDemo" */;
			buildPhases = (
				9E38F5CB231980AC3F58F471 /* [CP] Check Pods Manifest.lock */,
				E1526D671E72EC9400929E24 /* Sources */,
				E1526D681E72EC9400929E24 /* Frameworks */,
				E1526D691E72EC9400929E24 /* Resources */,
				7997A1E7BD31975DDABC4B92 /* [CP] Embed Pods Frameworks */,
				814A03EC5F76E45ADC257A5A /* [CP] Copy Pods Resources */,
			);
			buildRules = (
			);
			dependencies = (
			);
			name = FirebaseRemoteConfigDemo;
			productName = FirebaseRemoteConfigDemo;
			productReference = E1526D6B1E72EC9400929E24 /* FirebaseRemoteConfigDemo.app */;
			productType = "com.apple.product-type.application";
		};
/* End PBXNativeTarget section */

/* Begin PBXProject section */
		E1526D631E72EC9400929E24 /* Project object */ = {
			isa = PBXProject;
			attributes = {
				LastSwiftUpdateCheck = 0820;
				LastUpgradeCheck = 0820;
				ORGANIZATIONNAME = Chicv;
				TargetAttributes = {
					E1526D6A1E72EC9400929E24 = {
						CreatedOnToolsVersion = 8.2.1;
						DevelopmentTeam = EAH5M74Q2V;
						ProvisioningStyle = Automatic;
					};
				};
			};
			buildConfigurationList = E1526D661E72EC9400929E24 /* Build configuration list for PBXProject "FirebaseRemoteConfigDemo" */;
			compatibilityVersion = "Xcode 3.2";
			developmentRegion = English;
			hasScannedForEncodings = 0;
			knownRegions = (
				en,
				Base,
			);
			mainGroup = E1526D621E72EC9400929E24;
			productRefGroup = E1526D6C1E72EC9400929E24 /* Products */;
			projectDirPath = "";
			projectRoot = "";
			targets = (
				E1526D6A1E72EC9400929E24 /* FirebaseRemoteConfigDemo */,
			);
		};
/* End PBXProject section */

/* Begin PBXResourcesBuildPhase section */
		E1526D691E72EC9400929E24 /* Resources */ = {
			isa = PBXResourcesBuildPhase;
			buildActionMask = 2147483647;
			files = (
				E1526D791E72EC9400929E24 /* LaunchScreen.storyboard in Resources */,
				E1526D761E72EC9400929E24 /* Assets.xcassets in Resources */,
				E1526D741E72EC9400929E24 /* Main.storyboard in Resources */,
				E1526D811E72EDE900929E24 /* GoogleService-Info.plist in Resources */,
			);
			runOnlyForDeploymentPostprocessing = 0;
		};
/* End PBXResourcesBuildPhase section */

/* Begin PBXShellScriptBuildPhase section */
		7997A1E7BD31975DDABC4B92 /* [CP] Embed Pods Frameworks */ = {
			isa = PBXShellScriptBuildPhase;
			buildActionMask = 2147483647;
			files = (
			);
			inputPaths = (
			);
			name = "[CP] Embed Pods Frameworks";
			outputPaths = (
			);
			runOnlyForDeploymentPostprocessing = 0;
			shellPath = /bin/sh;
			shellScript = "\"${SRCROOT}/Pods/Target Support Files/Pods-FirebaseRemoteConfigDemo/Pods-FirebaseRemoteConfigDemo-frameworks.sh\"\n";
			showEnvVarsInLog = 0;
		};
		814A03EC5F76E45ADC257A5A /* [CP] Copy Pods Resources */ = {
			isa = PBXShellScriptBuildPhase;
			buildActionMask = 2147483647;
			files = (
			);
			inputPaths = (
			);
			name = "[CP] Copy Pods Resources";
			outputPaths = (
			);
			runOnlyForDeploymentPostprocessing = 0;
			shellPath = /bin/sh;
			shellScript = "\"${SRCROOT}/Pods/Target Support Files/Pods-FirebaseRemoteConfigDemo/Pods-FirebaseRemoteConfigDemo-resources.sh\"\n";
			showEnvVarsInLog = 0;
		};
		9E38F5CB231980AC3F58F471 /* [CP] Check Pods Manifest.lock */ = {
			isa = PBXShellScriptBuildPhase;
			buildActionMask = 2147483647;
			files = (
			);
			inputPaths = (
			);
			name = "[CP] Check Pods Manifest.lock";
			outputPaths = (
			);
			runOnlyForDeploymentPostprocessing = 0;
			shellPath = /bin/sh;
			shellScript = "diff \"${PODS_ROOT}/../Podfile.lock\" \"${PODS_ROOT}/Manifest.lock\" > /dev/null\nif [ $? != 0 ] ; then\n    # print error to STDERR\n    echo \"error: The sandbox is not in sync with the Podfile.lock. Run 'pod install' or update your CocoaPods installation.\" >&2\n    exit 1\nfi\n";
			showEnvVarsInLog = 0;
		};
/* End PBXShellScriptBuildPhase section */

/* Begin PBXSourcesBuildPhase section */
		E1526D671E72EC9400929E24 /* Sources */ = {
			isa = PBXSourcesBuildPhase;
			buildActionMask = 2147483647;
			files = (
				E1526D711E72EC9400929E24 /* ViewController.swift in Sources */,
				E1526D6F1E72EC9400929E24 /* AppDelegate.swift in Sources */,
			);
			runOnlyForDeploymentPostprocessing = 0;
		};
/* End PBXSourcesBuildPhase section */

/* Begin PBXVariantGroup section */
		E1526D721E72EC9400929E24 /* Main.storyboard */ = {
			isa = PBXVariantGroup;
			children = (
				E1526D731E72EC9400929E24 /* Base */,
			);
			name = Main.storyboard;
			sourceTree = "<group>";
		};
		E1526D771E72EC9400929E24 /* LaunchScreen.storyboard */ = {
			isa = PBXVariantGroup;
			children = (
				E1526D781E72EC9400929E24 /* Base */,
			);
			name = LaunchScreen.storyboard;
			sourceTree = "<group>";
		};
/* End PBXVariantGroup section */

/* Begin XCBuildConfiguration section */
		E1526D7B1E72EC9400929E24 /* Debug */ = {
			isa = XCBuildConfiguration;
			buildSettings = {
				ALWAYS_SEARCH_USER_PATHS = NO;
				CLANG_ANALYZER_NONNULL = YES;
				CLANG_CXX_LANGUAGE_STANDARD = "gnu++0x";
				CLANG_CXX_LIBRARY = "libc++";
				CLANG_ENABLE_MODULES = YES;
				CLANG_ENABLE_OBJC_ARC = YES;
				CLANG_WARN_BOOL_CONVERSION = YES;
				CLANG_WARN_CONSTANT_CONVERSION = YES;
				CLANG_WARN_DIRECT_OBJC_ISA_USAGE = YES_ERROR;
				CLANG_WARN_DOCUMENTATION_COMMENTS = YES;
				CLANG_WARN_EMPTY_BODY = YES;
				CLANG_WARN_ENUM_CONVERSION = YES;
				CLANG_WARN_INFINITE_RECURSION = YES;
				CLANG_WARN_INT_CONVERSION = YES;
				CLANG_WARN_OBJC_ROOT_CLASS = YES_ERROR;
				CLANG_WARN_SUSPICIOUS_MOVE = YES;
				CLANG_WARN_UNREACHABLE_CODE = YES;
				CLANG_WARN__DUPLICATE_METHOD_MATCH = YES;
				"CODE_SIGN_IDENTITY[sdk=iphoneos*]" = "iPhone Developer";
				COPY_PHASE_STRIP = NO;
				DEBUG_INFORMATION_FORMAT = dwarf;
				ENABLE_STRICT_OBJC_MSGSEND = YES;
				ENABLE_TESTABILITY = YES;
				GCC_C_LANGUAGE_STANDARD = gnu99;
				GCC_DYNAMIC_NO_PIC = NO;
				GCC_NO_COMMON_BLOCKS = YES;
				GCC_OPTIMIZATION_LEVEL = 0;
				GCC_PREPROCESSOR_DEFINITIONS = (
					"DEBUG=1",
					"$(inherited)",
				);
				GCC_WARN_64_TO_32_BIT_CONVERSION = YES;
				GCC_WARN_ABOUT_RETURN_TYPE = YES_ERROR;
				GCC_WARN_UNDECLARED_SELECTOR = YES;
				GCC_WARN_UNINITIALIZED_AUTOS = YES_AGGRESSIVE;
				GCC_WARN_UNUSED_FUNCTION = YES;
				GCC_WARN_UNUSED_VARIABLE = YES;
				IPHONEOS_DEPLOYMENT_TARGET = 10.2;
				MTL_ENABLE_DEBUG_INFO = YES;
				ONLY_ACTIVE_ARCH = YES;
				SDKROOT = iphoneos;
				SWIFT_ACTIVE_COMPILATION_CONDITIONS = DEBUG;
				SWIFT_OPTIMIZATION_LEVEL = "-Onone";
			};
			name = Debug;
		};
		E1526D7C1E72EC9400929E24 /* Release */ = {
			isa = XCBuildConfiguration;
			buildSettings = {
				ALWAYS_SEARCH_USER_PATHS = NO;
				CLANG_ANALYZER_NONNULL = YES;
				CLANG_CXX_LANGUAGE_STANDARD = "gnu++0x";
				CLANG_CXX_LIBRARY = "libc++";
				CLANG_ENABLE_MODULES = YES;
				CLANG_ENABLE_OBJC_ARC = YES;
				CLANG_WARN_BOOL_CONVERSION = YES;
				CLANG_WARN_CONSTANT_CONVERSION = YES;
				CLANG_WARN_DIRECT_OBJC_ISA_USAGE = YES_ERROR;
				CLANG_WARN_DOCUMENTATION_COMMENTS = YES;
				CLANG_WARN_EMPTY_BODY = YES;
				CLANG_WARN_ENUM_CONVERSION = YES;
				CLANG_WARN_INFINITE_RECURSION = YES;
				CLANG_WARN_INT_CONVERSION = YES;
				CLANG_WARN_OBJC_ROOT_CLASS = YES_ERROR;
				CLANG_WARN_SUSPICIOUS_MOVE = YES;
				CLANG_WARN_UNREACHABLE_CODE = YES;
				CLANG_WARN__DUPLICATE_METHOD_MATCH = YES;
				"CODE_SIGN_IDENTITY[sdk=iphoneos*]" = "iPhone Developer";
				COPY_PHASE_STRIP = NO;
				DEBUG_INFORMATION_FORMAT = "dwarf-with-dsym";
				ENABLE_NS_ASSERTIONS = NO;
				ENABLE_STRICT_OBJC_MSGSEND = YES;
				GCC_C_LANGUAGE_STANDARD = gnu99;
				GCC_NO_COMMON_BLOCKS = YES;
				GCC_WARN_64_TO_32_BIT_CONVERSION = YES;
				GCC_WARN_ABOUT_RETURN_TYPE = YES_ERROR;
				GCC_WARN_UNDECLARED_SELECTOR = YES;
				GCC_WARN_UNINITIALIZED_AUTOS = YES_AGGRESSIVE;
				GCC_WARN_UNUSED_FUNCTION = YES;
				GCC_WARN_UNUSED_VARIABLE = YES;
				IPHONEOS_DEPLOYMENT_TARGET = 10.2;
				MTL_ENABLE_DEBUG_INFO = NO;
				SDKROOT = iphoneos;
				SWIFT_OPTIMIZATION_LEVEL = "-Owholemodule";
				VALIDATE_PRODUCT = YES;
			};
			name = Release;
		};
		E1526D7E1E72EC9400929E24 /* Debug */ = {
			isa = XCBuildConfiguration;
			baseConfigurationReference = B486FC7397159A427424F8F1 /* Pods-FirebaseRemoteConfigDemo.debug.xcconfig */;
			buildSettings = {
				ASSETCATALOG_COMPILER_APPICON_NAME = AppIcon;
				DEVELOPMENT_TEAM = EAH5M74Q2V;
				INFOPLIST_FILE = FirebaseRemoteConfigDemo/Info.plist;
				IPHONEOS_DEPLOYMENT_TARGET = 8.3;
				LD_RUNPATH_SEARCH_PATHS = "$(inherited) @executable_path/Frameworks";
				PRODUCT_BUNDLE_IDENTIFIER = com.chicv.FirebaseRemoteConfigDemo;
				PRODUCT_NAME = "$(TARGET_NAME)";
				SWIFT_VERSION = 3.0;
			};
			name = Debug;
		};
		E1526D7F1E72EC9400929E24 /* Release */ = {
			isa = XCBuildConfiguration;
			baseConfigurationReference = 9489A0CE738FDD11FB050100 /* Pods-FirebaseRemoteConfigDemo.release.xcconfig */;
			buildSettings = {
				ASSETCATALOG_COMPILER_APPICON_NAME = AppIcon;
				DEVELOPMENT_TEAM = EAH5M74Q2V;
				INFOPLIST_FILE = FirebaseRemoteConfigDemo/Info.plist;
				IPHONEOS_DEPLOYMENT_TARGET = 8.3;
				LD_RUNPATH_SEARCH_PATHS = "$(inherited) @executable_path/Frameworks";
				PRODUCT_BUNDLE_IDENTIFIER = com.chicv.FirebaseRemoteConfigDemo;
				PRODUCT_NAME = "$(TARGET_NAME)";
				SWIFT_VERSION = 3.0;
			};
			name = Release;
		};
/* End XCBuildConfiguration section */

/* Begin XCConfigurationList section */
		E1526D661E72EC9400929E24 /* Build configuration list for PBXProject "FirebaseRemoteConfigDemo" */ = {
			isa = XCConfigurationList;
			buildConfigurations = (
				E1526D7B1E72EC9400929E24 /* Debug */,
				E1526D7C1E72EC9400929E24 /* Release */,
			);
			defaultConfigurationIsVisible = 0;
			defaultConfigurationName = Release;
		};
		E1526D7D1E72EC9400929E24 /* Build configuration list for PBXNativeTarget "FirebaseRemoteConfigDemo" */ = {
			isa = XCConfigurationList;
			buildConfigurations = (
				E1526D7E1E72EC9400929E24 /* Debug */,
				E1526D7F1E72EC9400929E24 /* Release */,
			);
			defaultConfigurationIsVisible = 0;
		};
/* End XCConfigurationList section */
	};
	rootObject = E1526D631E72EC9400929E24 /* Project object */;
}
